
Microsoft Visual Studio Solution File, Format Version 12.00
# Visual Studio Version 17
VisualStudioVersion = 17.8.34408.163
MinimumVisualStudioVersion = 10.0.40219.1
Project("{FAE04EC0-301F-11D3-BF4B-00C04F79EFBC}") = "лаба 9 з1", "лаба 9 з1.csproj", "{FCC1C574-45D3-4FD6-B1B3-D661577837C4}"
EndProject
Global
	GlobalSection(SolutionConfigurationPlatforms) = preSolution
		Debug|Any CPU = Debug|Any CPU
		Release|Any CPU = Release|Any CPU
	EndGlobalSection
	GlobalSection(ProjectConfigurationPlatforms) = postSolution
		{FCC1C574-45D3-4FD6-B1B3-D661577837C4}.Debug|Any CPU.ActiveCfg = Debug|Any CPU
		{FCC1C574-45D3-4FD6-B1B3-D661577837C4}.Debug|Any CPU.Build.0 = Debug|Any CPU
		{FCC1C574-45D3-4FD6-B1B3-D661577837C4}.Release|Any CPU.ActiveCfg = Release|Any CPU
		{FCC1C574-45D3-4FD6-B1B3-D661577837C4}.Release|Any CPU.Build.0 = Release|Any CPU
	EndGlobalSection
	GlobalSection(SolutionProperties) = preSolution
		HideSolutionNode = FALSE
	EndGlobalSection
	GlobalSection(ExtensibilityGlobals) = postSolution
		SolutionGuid = {7DEE59A9-2E0B-4685-9823-BCAA28665D8E}
	EndGlobalSection
EndGlobal
